
Microsoft Visual Studio Solution File, Format Version 12.00
# Visual Studio Version 17
VisualStudioVersion = 17.14.36930.0 d17.14
MinimumVisualStudioVersion = 10.0.40219.1
Project("{FAE04EC0-301F-11D3-BF4B-00C04F79EFBC}") = "Hodrac_Backend_MVP2", "Hodrac_Backend_MVP2\Hodrac_Backend_MVP2.csproj", "{EA877770-93A7-45C0-9F55-79374FEBFA6F}"
EndProject
Global
	GlobalSection(SolutionConfigurationPlatforms) = preSolution
		Debug|Any CPU = Debug|Any CPU
		Release|Any CPU = Release|Any CPU
	EndGlobalSection
	GlobalSection(ProjectConfigurationPlatforms) = postSolution
		{EA877770-93A7-45C0-9F55-79374FEBFA6F}.Debug|Any CPU.ActiveCfg = Debug|Any CPU
		{EA877770-93A7-45C0-9F55-79374FEBFA6F}.Debug|Any CPU.Build.0 = Debug|Any CPU
		{EA877770-93A7-45C0-9F55-79374FEBFA6F}.Release|Any CPU.ActiveCfg = Release|Any CPU
		{EA877770-93A7-45C0-9F55-79374FEBFA6F}.Release|Any CPU.Build.0 = Release|Any CPU
	EndGlobalSection
	GlobalSection(SolutionProperties) = preSolution
		HideSolutionNode = FALSE
	EndGlobalSection
	GlobalSection(ExtensibilityGlobals) = postSolution
		SolutionGuid = {661F394F-AEDE-454F-8E27-675DD1B91A38}
	EndGlobalSection
EndGlobal
